
Microsoft Visual Studio Solution File, Format Version 12.00
# Visual Studio 2012
Project("{FAE04EC0-301F-11D3-BF4B-00C04F79EFBC}") = "HistoriCrawl.Droid", "HistoriCrawl.Droid\HistoriCrawl.Droid.csproj", "{990FCB36-7611-4253-9E42-6903BC947EF4}"
EndProject
Project("{FAE04EC0-301F-11D3-BF4B-00C04F79EFBC}") = "HistoriCrawl.Portable", "HistoriCrawl.Portable\HistoriCrawl.Portable.csproj", "{8C77235E-248A-4C9B-86DB-998D93D74B8A}"
EndProject
Global
	GlobalSection(SolutionConfigurationPlatforms) = preSolution
		Debug|Any CPU = Debug|Any CPU
		Release|Any CPU = Release|Any CPU
	EndGlobalSection
	GlobalSection(ProjectConfigurationPlatforms) = postSolution
		{8C77235E-248A-4C9B-86DB-998D93D74B8A}.Debug|Any CPU.ActiveCfg = Debug|Any CPU
		{8C77235E-248A-4C9B-86DB-998D93D74B8A}.Debug|Any CPU.Build.0 = Debug|Any CPU
		{8C77235E-248A-4C9B-86DB-998D93D74B8A}.Release|Any CPU.ActiveCfg = Release|Any CPU
		{8C77235E-248A-4C9B-86DB-998D93D74B8A}.Release|Any CPU.Build.0 = Release|Any CPU
		{990FCB36-7611-4253-9E42-6903BC947EF4}.Debug|Any CPU.ActiveCfg = Debug|Any CPU
		{990FCB36-7611-4253-9E42-6903BC947EF4}.Debug|Any CPU.Build.0 = Debug|Any CPU
		{990FCB36-7611-4253-9E42-6903BC947EF4}.Release|Any CPU.ActiveCfg = Release|Any CPU
		{990FCB36-7611-4253-9E42-6903BC947EF4}.Release|Any CPU.Build.0 = Release|Any CPU
	EndGlobalSection
EndGlobal
